{
  "version": 4,
  "terraform_version": "1.3.7",
  "serial": 140,
  "lineage": "08fd5ae3-7e53-6edc-ebaf-5f8a20407fcd",
  "outputs": {
    "external_ip_address_node01": {
      "value": "158.160.56.143",
      "type": "string"
    },
    "external_ip_address_node02": {
      "value": "158.160.60.254",
      "type": "string"
    },
    "external_ip_address_node03": {
      "value": "51.250.64.96",
      "type": "string"
    },
    "external_ip_address_node04": {
      "value": "158.160.53.58",
      "type": "string"
    },
    "external_ip_address_node05": {
      "value": "158.160.62.97",
      "type": "string"
    },
    "external_ip_address_node06": {
      "value": "158.160.59.173",
      "type": "string"
    },
    "internal_ip_address_node01": {
      "value": "192.168.101.11",
      "type": "string"
    },
    "internal_ip_address_node02": {
      "value": "192.168.101.12",
      "type": "string"
    },
    "internal_ip_address_node03": {
      "value": "192.168.101.13",
      "type": "string"
    },
    "internal_ip_address_node04": {
      "value": "192.168.101.14",
      "type": "string"
    },
    "internal_ip_address_node05": {
      "value": "192.168.101.15",
      "type": "string"
    },
    "internal_ip_address_node06": {
      "value": "192.168.101.16",
      "type": "string"
    }
  },
  "resources": [
    {
      "mode": "managed",
      "type": "local_file",
      "name": "inventory",
      "provider": "provider[\"registry.terraform.io/hashicorp/local\"]",
      "instances": [
        {
          "schema_version": 0,
          "attributes": {
            "content": "# Ansible inventory containing variable values from Terraform.\n# Generated by Terraform.\n\n[nodes:children]\nmanagers\nworkers\n\n[managers:children]\nactive\nstandby\n\n[active]\nnode01.netology.yc ansible_host=158.160.56.143\n\n[standby]\nnode02.netology.yc ansible_host=158.160.60.254\nnode03.netology.yc ansible_host=51.250.64.96\n\n[workers]\nnode04.netology.yc ansible_host=158.160.53.58\nnode05.netology.yc ansible_host=158.160.62.97\nnode06.netology.yc ansible_host=158.160.59.173\n",
            "content_base64": null,
            "directory_permission": "0777",
            "file_permission": "0777",
            "filename": "../ansible/inventory",
            "id": "d8e8d1f48038d068dd13944d8357a237bddc23fa",
            "sensitive_content": null,
            "source": null
          },
          "sensitive_attributes": [],
          "dependencies": [
            "yandex_compute_instance.node01",
            "yandex_compute_instance.node02",
            "yandex_compute_instance.node03",
            "yandex_compute_instance.node04",
            "yandex_compute_instance.node05",
            "yandex_compute_instance.node06",
            "yandex_vpc_network.default",
            "yandex_vpc_subnet.default"
          ]
        }
      ]
    },
    {
      "mode": "managed",
      "type": "null_resource",
      "name": "cluster",
      "provider": "provider[\"registry.terraform.io/hashicorp/null\"]",
      "instances": [
        {
          "schema_version": 0,
          "attributes": {
            "id": "1833312164858675945",
            "triggers": null
          },
          "sensitive_attributes": [],
          "dependencies": [
            "local_file.inventory",
            "null_resource.wait",
            "yandex_compute_instance.node01",
            "yandex_compute_instance.node02",
            "yandex_compute_instance.node03",
            "yandex_compute_instance.node04",
            "yandex_compute_instance.node05",
            "yandex_compute_instance.node06",
            "yandex_vpc_network.default",
            "yandex_vpc_subnet.default"
          ]
        }
      ]
    },
    {
      "mode": "managed",
      "type": "null_resource",
      "name": "monitoring",
      "provider": "provider[\"registry.terraform.io/hashicorp/null\"]",
      "instances": [
        {
          "schema_version": 0,
          "attributes": {
            "id": "7794468984155622084",
            "triggers": null
          },
          "sensitive_attributes": [],
          "dependencies": [
            "local_file.inventory",
            "null_resource.cluster",
            "null_resource.sync",
            "null_resource.wait",
            "yandex_compute_instance.node01",
            "yandex_compute_instance.node02",
            "yandex_compute_instance.node03",
            "yandex_compute_instance.node04",
            "yandex_compute_instance.node05",
            "yandex_compute_instance.node06",
            "yandex_vpc_network.default",
            "yandex_vpc_subnet.default"
          ]
        }
      ]
    },
    {
      "mode": "managed",
      "type": "null_resource",
      "name": "sync",
      "provider": "provider[\"registry.terraform.io/hashicorp/null\"]",
      "instances": [
        {
          "schema_version": 0,
          "attributes": {
            "id": "5717228509659035606",
            "triggers": null
          },
          "sensitive_attributes": [],
          "dependencies": [
            "local_file.inventory",
            "null_resource.cluster",
            "null_resource.wait",
            "yandex_compute_instance.node01",
            "yandex_compute_instance.node02",
            "yandex_compute_instance.node03",
            "yandex_compute_instance.node04",
            "yandex_compute_instance.node05",
            "yandex_compute_instance.node06",
            "yandex_vpc_network.default",
            "yandex_vpc_subnet.default"
          ]
        }
      ]
    },
    {
      "mode": "managed",
      "type": "null_resource",
      "name": "wait",
      "provider": "provider[\"registry.terraform.io/hashicorp/null\"]",
      "instances": [
        {
          "schema_version": 0,
          "attributes": {
            "id": "1854670462139262753",
            "triggers": null
          },
          "sensitive_attributes": [],
          "dependencies": [
            "local_file.inventory",
            "yandex_compute_instance.node01",
            "yandex_compute_instance.node02",
            "yandex_compute_instance.node03",
            "yandex_compute_instance.node04",
            "yandex_compute_instance.node05",
            "yandex_compute_instance.node06",
            "yandex_vpc_network.default",
            "yandex_vpc_subnet.default"
          ]
        }
      ]
    },
    {
      "mode": "managed",
      "type": "yandex_compute_instance",
      "name": "node01",
      "provider": "provider[\"registry.terraform.io/yandex-cloud/yandex\"]",
      "instances": [
        {
          "schema_version": 1,
          "attributes": {
            "allow_recreate": null,
            "allow_stopping_for_update": true,
            "boot_disk": [
              {
                "auto_delete": true,
                "device_name": "fhm6hkm8ho9p92gm8q4q",
                "disk_id": "fhm6hkm8ho9p92gm8q4q",
                "initialize_params": [
                  {
                    "block_size": 4096,
                    "description": "",
                    "image_id": "fd899ph76nh3nf7hk7q3",
                    "name": "root-node01",
                    "size": 10,
                    "snapshot_id": "",
                    "type": "network-ssd"
                  }
                ],
                "mode": "READ_WRITE"
              }
            ],
            "created_at": "2023-02-10T14:25:22Z",
            "description": "",
            "filesystem": [],
            "folder_id": "b1g7ske3eoqq2v0bqnub",
            "fqdn": "node01.netology.yc",
            "hostname": "node01.netology.yc",
            "id": "fhmnsr87fkf6j9etc56t",
            "labels": null,
            "local_disk": [],
            "metadata": {
              "ssh-keys": "centos:ssh-rsa AAAAB3NzaC1yc2EAAAADAQABAAABgQD4ovtI1rxBvVTev7Uz1NDLlV+AMe7dpHG3MMROjIulvkZDsgfKc/Im+7C7IGQZS1ojn+zeWv3w2R+jYpLD7+x19IThxp7+YF0YQk4+qdV9VNScBJ1uiJtEHASxGgbOT/pR/Gtla7jyw5KmYkFQhUAJkD0AGzmRCQW12rE4VMebjwzXY1fGifq5iF4IMSROpkqLUgHmPKdqMy/gv3VhNGeF0XIiyOgin/4BQn5F9Mzi3q7bzUNo2xiNC89T0jrfXjwebiWp1SvxuWuPkR4TX7gy0tQY42I1mUJwy+d0apTnKc+8faJY+j6dLn4TRXmG8xqmgN5gyvzYvGliwP5a/fzVfAmwiY9A8kdn3fm9WCudRQKWaPSK8QnLaZtldq8MFTdCrIfkALJmLeTL5vU65v+gjRDpWmJRO+rjUSjbszPXOFNv5wnvV9bQkeSZX8q8zGWnR961K1FkRkIDPRA3T5hjDHWu2iGw8quqlLNCVmz9u/K4tRkgziC0jBlC2JoesB0= alekseykutlukaev@192.168.1.5\n"
            },
            "metadata_options": [
              {
                "aws_v1_http_endpoint": 1,
                "aws_v1_http_token": 2,
                "gce_http_endpoint": 1,
                "gce_http_token": 1
              }
            ],
            "name": "node01",
            "network_acceleration_type": "standard",
            "network_interface": [
              {
                "dns_record": [],
                "index": 0,
                "ip_address": "192.168.101.11",
                "ipv4": true,
                "ipv6": false,
                "ipv6_address": "",
                "ipv6_dns_record": [],
                "mac_address": "d0:0d:17:e6:d0:77",
                "nat": true,
                "nat_dns_record": [],
                "nat_ip_address": "158.160.56.143",
                "nat_ip_version": "IPV4",
                "security_group_ids": [],
                "subnet_id": "e9b1uag4b6j739gbl5hi"
              }
            ],
            "placement_policy": [
              {
                "host_affinity_rules": [],
                "placement_group_id": ""
              }
            ],
            "platform_id": "standard-v1",
            "resources": [
              {
                "core_fraction": 100,
                "cores": 4,
                "gpus": 0,
                "memory": 8
              }
            ],
            "scheduling_policy": [
              {
                "preemptible": false
              }
            ],
            "secondary_disk": [],
            "service_account_id": "",
            "status": "running",
            "timeouts": null,
            "zone": "ru-central1-a"
          },
          "sensitive_attributes": [],
          "private": "eyJlMmJmYjczMC1lY2FhLTExZTYtOGY4OC0zNDM2M2JjN2M0YzAiOnsiY3JlYXRlIjozMDAwMDAwMDAwMDAsImRlbGV0ZSI6MzAwMDAwMDAwMDAwLCJ1cGRhdGUiOjMwMDAwMDAwMDAwMH0sInNjaGVtYV92ZXJzaW9uIjoiMSJ9",
          "dependencies": [
            "yandex_vpc_network.default",
            "yandex_vpc_subnet.default"
          ]
        }
      ]
    },
    {
      "mode": "managed",
      "type": "yandex_compute_instance",
      "name": "node02",
      "provider": "provider[\"registry.terraform.io/yandex-cloud/yandex\"]",
      "instances": [
        {
          "schema_version": 1,
          "attributes": {
            "allow_recreate": null,
            "allow_stopping_for_update": true,
            "boot_disk": [
              {
                "auto_delete": true,
                "device_name": "fhmjemhgdn51f8hpesha",
                "disk_id": "fhmjemhgdn51f8hpesha",
                "initialize_params": [
                  {
                    "block_size": 4096,
                    "description": "",
                    "image_id": "fd899ph76nh3nf7hk7q3",
                    "name": "root-node02",
                    "size": 10,
                    "snapshot_id": "",
                    "type": "network-ssd"
                  }
                ],
                "mode": "READ_WRITE"
              }
            ],
            "created_at": "2023-02-10T14:25:22Z",
            "description": "",
            "filesystem": [],
            "folder_id": "b1g7ske3eoqq2v0bqnub",
            "fqdn": "node02.netology.yc",
            "hostname": "node02.netology.yc",
            "id": "fhm1fq4dfjf0if23lc0q",
            "labels": null,
            "local_disk": [],
            "metadata": {
              "ssh-keys": "centos:ssh-rsa AAAAB3NzaC1yc2EAAAADAQABAAABgQD4ovtI1rxBvVTev7Uz1NDLlV+AMe7dpHG3MMROjIulvkZDsgfKc/Im+7C7IGQZS1ojn+zeWv3w2R+jYpLD7+x19IThxp7+YF0YQk4+qdV9VNScBJ1uiJtEHASxGgbOT/pR/Gtla7jyw5KmYkFQhUAJkD0AGzmRCQW12rE4VMebjwzXY1fGifq5iF4IMSROpkqLUgHmPKdqMy/gv3VhNGeF0XIiyOgin/4BQn5F9Mzi3q7bzUNo2xiNC89T0jrfXjwebiWp1SvxuWuPkR4TX7gy0tQY42I1mUJwy+d0apTnKc+8faJY+j6dLn4TRXmG8xqmgN5gyvzYvGliwP5a/fzVfAmwiY9A8kdn3fm9WCudRQKWaPSK8QnLaZtldq8MFTdCrIfkALJmLeTL5vU65v+gjRDpWmJRO+rjUSjbszPXOFNv5wnvV9bQkeSZX8q8zGWnR961K1FkRkIDPRA3T5hjDHWu2iGw8quqlLNCVmz9u/K4tRkgziC0jBlC2JoesB0= alekseykutlukaev@192.168.1.5\n"
            },
            "metadata_options": [
              {
                "aws_v1_http_endpoint": 1,
                "aws_v1_http_token": 2,
                "gce_http_endpoint": 1,
                "gce_http_token": 1
              }
            ],
            "name": "node02",
            "network_acceleration_type": "standard",
            "network_interface": [
              {
                "dns_record": [],
                "index": 0,
                "ip_address": "192.168.101.12",
                "ipv4": true,
                "ipv6": false,
                "ipv6_address": "",
                "ipv6_dns_record": [],
                "mac_address": "d0:0d:17:e8:8d:7c",
                "nat": true,
                "nat_dns_record": [],
                "nat_ip_address": "158.160.60.254",
                "nat_ip_version": "IPV4",
                "security_group_ids": [],
                "subnet_id": "e9b1uag4b6j739gbl5hi"
              }
            ],
            "placement_policy": [
              {
                "host_affinity_rules": [],
                "placement_group_id": ""
              }
            ],
            "platform_id": "standard-v1",
            "resources": [
              {
                "core_fraction": 100,
                "cores": 4,
                "gpus": 0,
                "memory": 8
              }
            ],
            "scheduling_policy": [
              {
                "preemptible": false
              }
            ],
            "secondary_disk": [],
            "service_account_id": "",
            "status": "running",
            "timeouts": null,
            "zone": "ru-central1-a"
          },
          "sensitive_attributes": [],
          "private": "eyJlMmJmYjczMC1lY2FhLTExZTYtOGY4OC0zNDM2M2JjN2M0YzAiOnsiY3JlYXRlIjozMDAwMDAwMDAwMDAsImRlbGV0ZSI6MzAwMDAwMDAwMDAwLCJ1cGRhdGUiOjMwMDAwMDAwMDAwMH0sInNjaGVtYV92ZXJzaW9uIjoiMSJ9",
          "dependencies": [
            "yandex_vpc_network.default",
            "yandex_vpc_subnet.default"
          ]
        }
      ]
    },
    {
      "mode": "managed",
      "type": "yandex_compute_instance",
      "name": "node03",
      "provider": "provider[\"registry.terraform.io/yandex-cloud/yandex\"]",
      "instances": [
        {
          "schema_version": 1,
          "attributes": {
            "allow_recreate": null,
            "allow_stopping_for_update": true,
            "boot_disk": [
              {
                "auto_delete": true,
                "device_name": "fhmlp4s5eev7aiehm7f8",
                "disk_id": "fhmlp4s5eev7aiehm7f8",
                "initialize_params": [
                  {
                    "block_size": 4096,
                    "description": "",
                    "image_id": "fd899ph76nh3nf7hk7q3",
                    "name": "root-node03",
                    "size": 10,
                    "snapshot_id": "",
                    "type": "network-ssd"
                  }
                ],
                "mode": "READ_WRITE"
              }
            ],
            "created_at": "2023-02-10T14:25:22Z",
            "description": "",
            "filesystem": [],
            "folder_id": "b1g7ske3eoqq2v0bqnub",
            "fqdn": "node03.netology.yc",
            "hostname": "node03.netology.yc",
            "id": "fhmhb3gth8fnc5926v8e",
            "labels": null,
            "local_disk": [],
            "metadata": {
              "ssh-keys": "centos:ssh-rsa AAAAB3NzaC1yc2EAAAADAQABAAABgQD4ovtI1rxBvVTev7Uz1NDLlV+AMe7dpHG3MMROjIulvkZDsgfKc/Im+7C7IGQZS1ojn+zeWv3w2R+jYpLD7+x19IThxp7+YF0YQk4+qdV9VNScBJ1uiJtEHASxGgbOT/pR/Gtla7jyw5KmYkFQhUAJkD0AGzmRCQW12rE4VMebjwzXY1fGifq5iF4IMSROpkqLUgHmPKdqMy/gv3VhNGeF0XIiyOgin/4BQn5F9Mzi3q7bzUNo2xiNC89T0jrfXjwebiWp1SvxuWuPkR4TX7gy0tQY42I1mUJwy+d0apTnKc+8faJY+j6dLn4TRXmG8xqmgN5gyvzYvGliwP5a/fzVfAmwiY9A8kdn3fm9WCudRQKWaPSK8QnLaZtldq8MFTdCrIfkALJmLeTL5vU65v+gjRDpWmJRO+rjUSjbszPXOFNv5wnvV9bQkeSZX8q8zGWnR961K1FkRkIDPRA3T5hjDHWu2iGw8quqlLNCVmz9u/K4tRkgziC0jBlC2JoesB0= alekseykutlukaev@192.168.1.5\n"
            },
            "metadata_options": [
              {
                "aws_v1_http_endpoint": 1,
                "aws_v1_http_token": 2,
                "gce_http_endpoint": 1,
                "gce_http_token": 1
              }
            ],
            "name": "node03",
            "network_acceleration_type": "standard",
            "network_interface": [
              {
                "dns_record": [],
                "index": 0,
                "ip_address": "192.168.101.13",
                "ipv4": true,
                "ipv6": false,
                "ipv6_address": "",
                "ipv6_dns_record": [],
                "mac_address": "d0:0d:11:58:e1:d8",
                "nat": true,
                "nat_dns_record": [],
                "nat_ip_address": "51.250.64.96",
                "nat_ip_version": "IPV4",
                "security_group_ids": [],
                "subnet_id": "e9b1uag4b6j739gbl5hi"
              }
            ],
            "placement_policy": [
              {
                "host_affinity_rules": [],
                "placement_group_id": ""
              }
            ],
            "platform_id": "standard-v1",
            "resources": [
              {
                "core_fraction": 100,
                "cores": 4,
                "gpus": 0,
                "memory": 8
              }
            ],
            "scheduling_policy": [
              {
                "preemptible": false
              }
            ],
            "secondary_disk": [],
            "service_account_id": "",
            "status": "running",
            "timeouts": null,
            "zone": "ru-central1-a"
          },
          "sensitive_attributes": [],
          "private": "eyJlMmJmYjczMC1lY2FhLTExZTYtOGY4OC0zNDM2M2JjN2M0YzAiOnsiY3JlYXRlIjozMDAwMDAwMDAwMDAsImRlbGV0ZSI6MzAwMDAwMDAwMDAwLCJ1cGRhdGUiOjMwMDAwMDAwMDAwMH0sInNjaGVtYV92ZXJzaW9uIjoiMSJ9",
          "dependencies": [
            "yandex_vpc_network.default",
            "yandex_vpc_subnet.default"
          ]
        }
      ]
    },
    {
      "mode": "managed",
      "type": "yandex_compute_instance",
      "name": "node04",
      "provider": "provider[\"registry.terraform.io/yandex-cloud/yandex\"]",
      "instances": [
        {
          "schema_version": 1,
          "attributes": {
            "allow_recreate": null,
            "allow_stopping_for_update": true,
            "boot_disk": [
              {
                "auto_delete": true,
                "device_name": "fhmkjqkhm61qire77si5",
                "disk_id": "fhmkjqkhm61qire77si5",
                "initialize_params": [
                  {
                    "block_size": 4096,
                    "description": "",
                    "image_id": "fd899ph76nh3nf7hk7q3",
                    "name": "root-node04",
                    "size": 40,
                    "snapshot_id": "",
                    "type": "network-ssd"
                  }
                ],
                "mode": "READ_WRITE"
              }
            ],
            "created_at": "2023-02-10T14:25:22Z",
            "description": "",
            "filesystem": [],
            "folder_id": "b1g7ske3eoqq2v0bqnub",
            "fqdn": "node04.netology.yc",
            "hostname": "node04.netology.yc",
            "id": "fhmg502gj5igfrpdifn5",
            "labels": null,
            "local_disk": [],
            "metadata": {
              "ssh-keys": "centos:ssh-rsa AAAAB3NzaC1yc2EAAAADAQABAAABgQD4ovtI1rxBvVTev7Uz1NDLlV+AMe7dpHG3MMROjIulvkZDsgfKc/Im+7C7IGQZS1ojn+zeWv3w2R+jYpLD7+x19IThxp7+YF0YQk4+qdV9VNScBJ1uiJtEHASxGgbOT/pR/Gtla7jyw5KmYkFQhUAJkD0AGzmRCQW12rE4VMebjwzXY1fGifq5iF4IMSROpkqLUgHmPKdqMy/gv3VhNGeF0XIiyOgin/4BQn5F9Mzi3q7bzUNo2xiNC89T0jrfXjwebiWp1SvxuWuPkR4TX7gy0tQY42I1mUJwy+d0apTnKc+8faJY+j6dLn4TRXmG8xqmgN5gyvzYvGliwP5a/fzVfAmwiY9A8kdn3fm9WCudRQKWaPSK8QnLaZtldq8MFTdCrIfkALJmLeTL5vU65v+gjRDpWmJRO+rjUSjbszPXOFNv5wnvV9bQkeSZX8q8zGWnR961K1FkRkIDPRA3T5hjDHWu2iGw8quqlLNCVmz9u/K4tRkgziC0jBlC2JoesB0= alekseykutlukaev@192.168.1.5\n"
            },
            "metadata_options": [
              {
                "aws_v1_http_endpoint": 1,
                "aws_v1_http_token": 2,
                "gce_http_endpoint": 1,
                "gce_http_token": 1
              }
            ],
            "name": "node04",
            "network_acceleration_type": "standard",
            "network_interface": [
              {
                "dns_record": [],
                "index": 0,
                "ip_address": "192.168.101.14",
                "ipv4": true,
                "ipv6": false,
                "ipv6_address": "",
                "ipv6_dns_record": [],
                "mac_address": "d0:0d:10:28:05:09",
                "nat": true,
                "nat_dns_record": [],
                "nat_ip_address": "158.160.53.58",
                "nat_ip_version": "IPV4",
                "security_group_ids": [],
                "subnet_id": "e9b1uag4b6j739gbl5hi"
              }
            ],
            "placement_policy": [
              {
                "host_affinity_rules": [],
                "placement_group_id": ""
              }
            ],
            "platform_id": "standard-v1",
            "resources": [
              {
                "core_fraction": 100,
                "cores": 4,
                "gpus": 0,
                "memory": 8
              }
            ],
            "scheduling_policy": [
              {
                "preemptible": false
              }
            ],
            "secondary_disk": [],
            "service_account_id": "",
            "status": "running",
            "timeouts": null,
            "zone": "ru-central1-a"
          },
          "sensitive_attributes": [],
          "private": "eyJlMmJmYjczMC1lY2FhLTExZTYtOGY4OC0zNDM2M2JjN2M0YzAiOnsiY3JlYXRlIjozMDAwMDAwMDAwMDAsImRlbGV0ZSI6MzAwMDAwMDAwMDAwLCJ1cGRhdGUiOjMwMDAwMDAwMDAwMH0sInNjaGVtYV92ZXJzaW9uIjoiMSJ9",
          "dependencies": [
            "yandex_vpc_network.default",
            "yandex_vpc_subnet.default"
          ]
        }
      ]
    },
    {
      "mode": "managed",
      "type": "yandex_compute_instance",
      "name": "node05",
      "provider": "provider[\"registry.terraform.io/yandex-cloud/yandex\"]",
      "instances": [
        {
          "schema_version": 1,
          "attributes": {
            "allow_recreate": null,
            "allow_stopping_for_update": true,
            "boot_disk": [
              {
                "auto_delete": true,
                "device_name": "fhm40asqk9i48l0ajtih",
                "disk_id": "fhm40asqk9i48l0ajtih",
                "initialize_params": [
                  {
                    "block_size": 4096,
                    "description": "",
                    "image_id": "fd899ph76nh3nf7hk7q3",
                    "name": "root-node05",
                    "size": 40,
                    "snapshot_id": "",
                    "type": "network-ssd"
                  }
                ],
                "mode": "READ_WRITE"
              }
            ],
            "created_at": "2023-02-10T14:25:22Z",
            "description": "",
            "filesystem": [],
            "folder_id": "b1g7ske3eoqq2v0bqnub",
            "fqdn": "node05.netology.yc",
            "hostname": "node05.netology.yc",
            "id": "fhmf4gv422qafua035or",
            "labels": null,
            "local_disk": [],
            "metadata": {
              "ssh-keys": "centos:ssh-rsa AAAAB3NzaC1yc2EAAAADAQABAAABgQD4ovtI1rxBvVTev7Uz1NDLlV+AMe7dpHG3MMROjIulvkZDsgfKc/Im+7C7IGQZS1ojn+zeWv3w2R+jYpLD7+x19IThxp7+YF0YQk4+qdV9VNScBJ1uiJtEHASxGgbOT/pR/Gtla7jyw5KmYkFQhUAJkD0AGzmRCQW12rE4VMebjwzXY1fGifq5iF4IMSROpkqLUgHmPKdqMy/gv3VhNGeF0XIiyOgin/4BQn5F9Mzi3q7bzUNo2xiNC89T0jrfXjwebiWp1SvxuWuPkR4TX7gy0tQY42I1mUJwy+d0apTnKc+8faJY+j6dLn4TRXmG8xqmgN5gyvzYvGliwP5a/fzVfAmwiY9A8kdn3fm9WCudRQKWaPSK8QnLaZtldq8MFTdCrIfkALJmLeTL5vU65v+gjRDpWmJRO+rjUSjbszPXOFNv5wnvV9bQkeSZX8q8zGWnR961K1FkRkIDPRA3T5hjDHWu2iGw8quqlLNCVmz9u/K4tRkgziC0jBlC2JoesB0= alekseykutlukaev@192.168.1.5\n"
            },
            "metadata_options": [
              {
                "aws_v1_http_endpoint": 1,
                "aws_v1_http_token": 2,
                "gce_http_endpoint": 1,
                "gce_http_token": 1
              }
            ],
            "name": "node05",
            "network_acceleration_type": "standard",
            "network_interface": [
              {
                "dns_record": [],
                "index": 0,
                "ip_address": "192.168.101.15",
                "ipv4": true,
                "ipv6": false,
                "ipv6_address": "",
                "ipv6_dns_record": [],
                "mac_address": "d0:0d:f2:43:e4:10",
                "nat": true,
                "nat_dns_record": [],
                "nat_ip_address": "158.160.62.97",
                "nat_ip_version": "IPV4",
                "security_group_ids": [],
                "subnet_id": "e9b1uag4b6j739gbl5hi"
              }
            ],
            "placement_policy": [
              {
                "host_affinity_rules": [],
                "placement_group_id": ""
              }
            ],
            "platform_id": "standard-v1",
            "resources": [
              {
                "core_fraction": 100,
                "cores": 4,
                "gpus": 0,
                "memory": 8
              }
            ],
            "scheduling_policy": [
              {
                "preemptible": false
              }
            ],
            "secondary_disk": [],
            "service_account_id": "",
            "status": "running",
            "timeouts": null,
            "zone": "ru-central1-a"
          },
          "sensitive_attributes": [],
          "private": "eyJlMmJmYjczMC1lY2FhLTExZTYtOGY4OC0zNDM2M2JjN2M0YzAiOnsiY3JlYXRlIjozMDAwMDAwMDAwMDAsImRlbGV0ZSI6MzAwMDAwMDAwMDAwLCJ1cGRhdGUiOjMwMDAwMDAwMDAwMH0sInNjaGVtYV92ZXJzaW9uIjoiMSJ9",
          "dependencies": [
            "yandex_vpc_network.default",
            "yandex_vpc_subnet.default"
          ]
        }
      ]
    },
    {
      "mode": "managed",
      "type": "yandex_compute_instance",
      "name": "node06",
      "provider": "provider[\"registry.terraform.io/yandex-cloud/yandex\"]",
      "instances": [
        {
          "schema_version": 1,
          "attributes": {
            "allow_recreate": null,
            "allow_stopping_for_update": true,
            "boot_disk": [
              {
                "auto_delete": true,
                "device_name": "fhm8bhf0s1jhpnm1r4p8",
                "disk_id": "fhm8bhf0s1jhpnm1r4p8",
                "initialize_params": [
                  {
                    "block_size": 4096,
                    "description": "",
                    "image_id": "fd899ph76nh3nf7hk7q3",
                    "name": "root-node06",
                    "size": 40,
                    "snapshot_id": "",
                    "type": "network-ssd"
                  }
                ],
                "mode": "READ_WRITE"
              }
            ],
            "created_at": "2023-02-10T14:25:22Z",
            "description": "",
            "filesystem": [],
            "folder_id": "b1g7ske3eoqq2v0bqnub",
            "fqdn": "node06.netology.yc",
            "hostname": "node06.netology.yc",
            "id": "fhmqqqbdqn97riv6pj5a",
            "labels": null,
            "local_disk": [],
            "metadata": {
              "ssh-keys": "centos:ssh-rsa AAAAB3NzaC1yc2EAAAADAQABAAABgQD4ovtI1rxBvVTev7Uz1NDLlV+AMe7dpHG3MMROjIulvkZDsgfKc/Im+7C7IGQZS1ojn+zeWv3w2R+jYpLD7+x19IThxp7+YF0YQk4+qdV9VNScBJ1uiJtEHASxGgbOT/pR/Gtla7jyw5KmYkFQhUAJkD0AGzmRCQW12rE4VMebjwzXY1fGifq5iF4IMSROpkqLUgHmPKdqMy/gv3VhNGeF0XIiyOgin/4BQn5F9Mzi3q7bzUNo2xiNC89T0jrfXjwebiWp1SvxuWuPkR4TX7gy0tQY42I1mUJwy+d0apTnKc+8faJY+j6dLn4TRXmG8xqmgN5gyvzYvGliwP5a/fzVfAmwiY9A8kdn3fm9WCudRQKWaPSK8QnLaZtldq8MFTdCrIfkALJmLeTL5vU65v+gjRDpWmJRO+rjUSjbszPXOFNv5wnvV9bQkeSZX8q8zGWnR961K1FkRkIDPRA3T5hjDHWu2iGw8quqlLNCVmz9u/K4tRkgziC0jBlC2JoesB0= alekseykutlukaev@192.168.1.5\n"
            },
            "metadata_options": [
              {
                "aws_v1_http_endpoint": 1,
                "aws_v1_http_token": 2,
                "gce_http_endpoint": 1,
                "gce_http_token": 1
              }
            ],
            "name": "node06",
            "network_acceleration_type": "standard",
            "network_interface": [
              {
                "dns_record": [],
                "index": 0,
                "ip_address": "192.168.101.16",
                "ipv4": true,
                "ipv6": false,
                "ipv6_address": "",
                "ipv6_dns_record": [],
                "mac_address": "d0:0d:1a:d6:96:dd",
                "nat": true,
                "nat_dns_record": [],
                "nat_ip_address": "158.160.59.173",
                "nat_ip_version": "IPV4",
                "security_group_ids": [],
                "subnet_id": "e9b1uag4b6j739gbl5hi"
              }
            ],
            "placement_policy": [
              {
                "host_affinity_rules": [],
                "placement_group_id": ""
              }
            ],
            "platform_id": "standard-v1",
            "resources": [
              {
                "core_fraction": 100,
                "cores": 4,
                "gpus": 0,
                "memory": 8
              }
            ],
            "scheduling_policy": [
              {
                "preemptible": false
              }
            ],
            "secondary_disk": [],
            "service_account_id": "",
            "status": "running",
            "timeouts": null,
            "zone": "ru-central1-a"
          },
          "sensitive_attributes": [],
          "private": "eyJlMmJmYjczMC1lY2FhLTExZTYtOGY4OC0zNDM2M2JjN2M0YzAiOnsiY3JlYXRlIjozMDAwMDAwMDAwMDAsImRlbGV0ZSI6MzAwMDAwMDAwMDAwLCJ1cGRhdGUiOjMwMDAwMDAwMDAwMH0sInNjaGVtYV92ZXJzaW9uIjoiMSJ9",
          "dependencies": [
            "yandex_vpc_network.default",
            "yandex_vpc_subnet.default"
          ]
        }
      ]
    },
    {
      "mode": "managed",
      "type": "yandex_vpc_network",
      "name": "default",
      "provider": "provider[\"registry.terraform.io/yandex-cloud/yandex\"]",
      "instances": [
        {
          "schema_version": 0,
          "attributes": {
            "created_at": "2023-02-10T14:25:20Z",
            "default_security_group_id": "",
            "description": "",
            "folder_id": "b1g7ske3eoqq2v0bqnub",
            "id": "enpjg20bd6g6thluku75",
            "labels": {},
            "name": "newnet",
            "subnet_ids": [],
            "timeouts": null
          },
          "sensitive_attributes": [],
          "private": "eyJlMmJmYjczMC1lY2FhLTExZTYtOGY4OC0zNDM2M2JjN2M0YzAiOnsiY3JlYXRlIjo2MDAwMDAwMDAwMCwiZGVsZXRlIjo2MDAwMDAwMDAwMCwidXBkYXRlIjo2MDAwMDAwMDAwMH19"
        }
      ]
    },
    {
      "mode": "managed",
      "type": "yandex_vpc_subnet",
      "name": "default",
      "provider": "provider[\"registry.terraform.io/yandex-cloud/yandex\"]",
      "instances": [
        {
          "schema_version": 0,
          "attributes": {
            "created_at": "2023-02-10T14:25:21Z",
            "description": "",
            "dhcp_options": [],
            "folder_id": "b1g7ske3eoqq2v0bqnub",
            "id": "e9b1uag4b6j739gbl5hi",
            "labels": {},
            "name": "subnet",
            "network_id": "enpjg20bd6g6thluku75",
            "route_table_id": "",
            "timeouts": null,
            "v4_cidr_blocks": [
              "192.168.101.0/24"
            ],
            "v6_cidr_blocks": [],
            "zone": "ru-central1-a"
          },
          "sensitive_attributes": [],
          "private": "eyJlMmJmYjczMC1lY2FhLTExZTYtOGY4OC0zNDM2M2JjN2M0YzAiOnsiY3JlYXRlIjoxODAwMDAwMDAwMDAsImRlbGV0ZSI6MTgwMDAwMDAwMDAwLCJ1cGRhdGUiOjE4MDAwMDAwMDAwMH19",
          "dependencies": [
            "yandex_vpc_network.default"
          ]
        }
      ]
    }
  ],
  "check_results": null
}
