{
  "version": 4,
  "terraform_version": "1.3.7",
  "serial": 73,
  "lineage": "91517fd2-dc57-3855-9abb-569489dc7847",
  "outputs": {},
  "resources": [
    {
      "mode": "data",
      "type": "yandex_compute_image",
      "name": "centos-7-base",
      "provider": "provider[\"registry.terraform.io/yandex-cloud/yandex\"]",
      "instances": [
        {
          "schema_version": 0,
          "attributes": {
            "created_at": "2022-11-21T10:48:08Z",
            "description": "centos 7",
            "family": "centos-7",
            "folder_id": "standard-images",
            "id": "fd8jvcoeij6u9se84dt5",
            "image_id": "fd8jvcoeij6u9se84dt5",
            "labels": {},
            "min_disk_size": 10,
            "name": "centos-7-v20221121",
            "os_type": "linux",
            "pooled": true,
            "product_ids": [
              "f2ei2tsbd97v7jap5rhc"
            ],
            "size": 1,
            "status": "ready"
          },
          "sensitive_attributes": []
        }
      ]
    },
    {
      "mode": "data",
      "type": "yandex_vpc_subnet",
      "name": "default_a",
      "provider": "provider[\"registry.terraform.io/yandex-cloud/yandex\"]",
      "instances": [
        {
          "schema_version": 0,
          "attributes": {
            "created_at": "2023-01-24T12:14:55Z",
            "description": "Auto-created default subnet for zone ru-central1-a in default",
            "dhcp_options": [],
            "folder_id": "b1g7ske3eoqq2v0bqnub",
            "id": "e9b2lp06t2t417ab2v42",
            "labels": {},
            "name": "default-ru-central1-a",
            "network_id": "enp8o906slilurn3olje",
            "route_table_id": "",
            "subnet_id": "e9b2lp06t2t417ab2v42",
            "v4_cidr_blocks": [
              "10.128.0.0/24"
            ],
            "v6_cidr_blocks": [],
            "zone": "ru-central1-a"
          },
          "sensitive_attributes": []
        }
      ]
    },
    {
      "mode": "managed",
      "type": "yandex_compute_instance",
      "name": "node",
      "provider": "provider[\"registry.terraform.io/yandex-cloud/yandex\"]",
      "instances": [
        {
          "schema_version": 1,
          "attributes": {
            "allow_recreate": null,
            "allow_stopping_for_update": null,
            "boot_disk": [
              {
                "auto_delete": true,
                "device_name": "fhmshcrot367o3qvlru7",
                "disk_id": "fhmshcrot367o3qvlru7",
                "initialize_params": [
                  {
                    "block_size": 4096,
                    "description": "",
                    "image_id": "fd8ud334fvno4vbnevi7",
                    "name": "",
                    "size": 10,
                    "snapshot_id": "",
                    "type": "network-hdd"
                  }
                ],
                "mode": "READ_WRITE"
              }
            ],
            "created_at": "2023-01-27T12:35:32Z",
            "description": "",
            "filesystem": [],
            "folder_id": "b1g7ske3eoqq2v0bqnub",
            "fqdn": "fhmumh3hp3p0pcdssoqi.auto.internal",
            "hostname": "",
            "id": "fhmumh3hp3p0pcdssoqi",
            "labels": null,
            "local_disk": [],
            "metadata": {
              "ssh-keys": "centos:ssh-rsa AAAAB3NzaC1yc2EAAAADAQABAAABgQD4ovtI1rxBvVTev7Uz1NDLlV+AMe7dpHG3MMROjIulvkZDsgfKc/Im+7C7IGQZS1ojn+zeWv3w2R+jYpLD7+x19IThxp7+YF0YQk4+qdV9VNScBJ1uiJtEHASxGgbOT/pR/Gtla7jyw5KmYkFQhUAJkD0AGzmRCQW12rE4VMebjwzXY1fGifq5iF4IMSROpkqLUgHmPKdqMy/gv3VhNGeF0XIiyOgin/4BQn5F9Mzi3q7bzUNo2xiNC89T0jrfXjwebiWp1SvxuWuPkR4TX7gy0tQY42I1mUJwy+d0apTnKc+8faJY+j6dLn4TRXmG8xqmgN5gyvzYvGliwP5a/fzVfAmwiY9A8kdn3fm9WCudRQKWaPSK8QnLaZtldq8MFTdCrIfkALJmLeTL5vU65v+gjRDpWmJRO+rjUSjbszPXOFNv5wnvV9bQkeSZX8q8zGWnR961K1FkRkIDPRA3T5hjDHWu2iGw8quqlLNCVmz9u/K4tRkgziC0jBlC2JoesB0= alekseykutlukaev@192.168.1.5\n"
            },
            "metadata_options": [
              {
                "aws_v1_http_endpoint": 1,
                "aws_v1_http_token": 1,
                "gce_http_endpoint": 1,
                "gce_http_token": 1
              }
            ],
            "name": "test-centos",
            "network_acceleration_type": "standard",
            "network_interface": [
              {
                "dns_record": [],
                "index": 0,
                "ip_address": "10.1.2.6",
                "ipv4": true,
                "ipv6": false,
                "ipv6_address": "",
                "ipv6_dns_record": [],
                "mac_address": "d0:0d:1e:b4:47:1c",
                "nat": true,
                "nat_dns_record": [],
                "nat_ip_address": "158.160.50.85",
                "nat_ip_version": "IPV4",
                "security_group_ids": [],
                "subnet_id": "e9b5jvrjarodi9pbc20c"
              }
            ],
            "placement_policy": [
              {
                "host_affinity_rules": [],
                "placement_group_id": ""
              }
            ],
            "platform_id": "standard-v1",
            "resources": [
              {
                "core_fraction": 5,
                "cores": 2,
                "gpus": 0,
                "memory": 1
              }
            ],
            "scheduling_policy": [
              {
                "preemptible": false
              }
            ],
            "secondary_disk": [],
            "service_account_id": "",
            "status": "running",
            "timeouts": null,
            "zone": "ru-central1-a"
          },
          "sensitive_attributes": [],
          "private": "eyJlMmJmYjczMC1lY2FhLTExZTYtOGY4OC0zNDM2M2JjN2M0YzAiOnsiY3JlYXRlIjozMDAwMDAwMDAwMDAsImRlbGV0ZSI6MzAwMDAwMDAwMDAwLCJ1cGRhdGUiOjMwMDAwMDAwMDAwMH0sInNjaGVtYV92ZXJzaW9uIjoiMSJ9"
        }
      ]
    }
  ],
  "check_results": null
}
